
Microsoft Visual Studio Solution File, Format Version 12.00
# Visual Studio Version 17
VisualStudioVersion = 17.14.36301.6
MinimumVisualStudioVersion = 10.0.40219.1
Project("{FAE04EC0-301F-11D3-BF4B-00C04F79EFBC}") = "Runic.CIL.ToSSA", "src\Runic.CIL.ToSSA.csproj", "{BA26D0E2-7CEB-41DC-9A2F-296F87301741}"
EndProject
Project("{2150E333-8FDC-42A3-9474-1A3956D46DE8}") = "Build", "Build", "{02EA681E-C7D8-13C7-8484-4AC65E1B71E8}"
EndProject
Project("{2150E333-8FDC-42A3-9474-1A3956D46DE8}") = "Net48", "Net48", "{FDEACC57-A2D9-4F2B-A2F2-CA90983944E9}"
EndProject
Project("{FAE04EC0-301F-11D3-BF4B-00C04F79EFBC}") = "Runic.CIL.ToSSA.Net48", "build\net48\Runic.CIL.ToSSA.Net48.csproj", "{A5255E78-9408-402C-A236-672391416041}"
EndProject
Project("{2150E333-8FDC-42A3-9474-1A3956D46DE8}") = "Net6", "Net6", "{BF7A64CD-2FB2-4298-AF7A-43A4EEACF2F0}"
EndProject
Project("{FAE04EC0-301F-11D3-BF4B-00C04F79EFBC}") = "Runic.CIL.ToSSA.Net6", "build\net6\Runic.CIL.ToSSA.Net6.csproj", "{8F968ABF-E929-455B-A996-8B4C7A053AFF}"
EndProject
Project("{2150E333-8FDC-42A3-9474-1A3956D46DE8}") = "Net8", "Net8", "{60BA54E4-A6AE-476F-BAC7-A1AC8BE38DE5}"
EndProject
Project("{FAE04EC0-301F-11D3-BF4B-00C04F79EFBC}") = "Runic.CIL.ToSSA.Net8", "build\net8\Runic.CIL.ToSSA.Net8.csproj", "{9F324C8C-7056-4291-8081-FE0DA0110A92}"
EndProject
Project("{2150E333-8FDC-42A3-9474-1A3956D46DE8}") = "Nuget", "Nuget", "{EF7564EF-DD27-4E42-8FC5-CE5042810DB8}"
EndProject
Project("{FAE04EC0-301F-11D3-BF4B-00C04F79EFBC}") = "Runic.CIL.ToSSA.Nuget", "build\nuget\Runic.CIL.ToSSA.Nuget.csproj", "{5E7E9D19-0C11-44EA-83DB-DE1861816A88}"
	ProjectSection(ProjectDependencies) = postProject
		{8F968ABF-E929-455B-A996-8B4C7A053AFF} = {8F968ABF-E929-455B-A996-8B4C7A053AFF}
		{A5255E78-9408-402C-A236-672391416041} = {A5255E78-9408-402C-A236-672391416041}
		{9F324C8C-7056-4291-8081-FE0DA0110A92} = {9F324C8C-7056-4291-8081-FE0DA0110A92}
	EndProjectSection
EndProject
Global
	GlobalSection(SolutionConfigurationPlatforms) = preSolution
		Debug|Any CPU = Debug|Any CPU
		Release|Any CPU = Release|Any CPU
	EndGlobalSection
	GlobalSection(ProjectConfigurationPlatforms) = postSolution
		{BA26D0E2-7CEB-41DC-9A2F-296F87301741}.Debug|Any CPU.ActiveCfg = Debug|Any CPU
		{BA26D0E2-7CEB-41DC-9A2F-296F87301741}.Debug|Any CPU.Build.0 = Debug|Any CPU
		{BA26D0E2-7CEB-41DC-9A2F-296F87301741}.Release|Any CPU.ActiveCfg = Release|Any CPU
		{BA26D0E2-7CEB-41DC-9A2F-296F87301741}.Release|Any CPU.Build.0 = Release|Any CPU
		{A5255E78-9408-402C-A236-672391416041}.Debug|Any CPU.ActiveCfg = Debug|Any CPU
		{A5255E78-9408-402C-A236-672391416041}.Debug|Any CPU.Build.0 = Debug|Any CPU
		{A5255E78-9408-402C-A236-672391416041}.Release|Any CPU.ActiveCfg = Release|Any CPU
		{A5255E78-9408-402C-A236-672391416041}.Release|Any CPU.Build.0 = Release|Any CPU
		{8F968ABF-E929-455B-A996-8B4C7A053AFF}.Debug|Any CPU.ActiveCfg = Debug|Any CPU
		{8F968ABF-E929-455B-A996-8B4C7A053AFF}.Debug|Any CPU.Build.0 = Debug|Any CPU
		{8F968ABF-E929-455B-A996-8B4C7A053AFF}.Release|Any CPU.ActiveCfg = Release|Any CPU
		{8F968ABF-E929-455B-A996-8B4C7A053AFF}.Release|Any CPU.Build.0 = Release|Any CPU
		{9F324C8C-7056-4291-8081-FE0DA0110A92}.Debug|Any CPU.ActiveCfg = Debug|Any CPU
		{9F324C8C-7056-4291-8081-FE0DA0110A92}.Debug|Any CPU.Build.0 = Debug|Any CPU
		{9F324C8C-7056-4291-8081-FE0DA0110A92}.Release|Any CPU.ActiveCfg = Release|Any CPU
		{9F324C8C-7056-4291-8081-FE0DA0110A92}.Release|Any CPU.Build.0 = Release|Any CPU
		{5E7E9D19-0C11-44EA-83DB-DE1861816A88}.Debug|Any CPU.ActiveCfg = Debug|Any CPU
		{5E7E9D19-0C11-44EA-83DB-DE1861816A88}.Debug|Any CPU.Build.0 = Debug|Any CPU
		{5E7E9D19-0C11-44EA-83DB-DE1861816A88}.Release|Any CPU.ActiveCfg = Release|Any CPU
		{5E7E9D19-0C11-44EA-83DB-DE1861816A88}.Release|Any CPU.Build.0 = Release|Any CPU
	EndGlobalSection
	GlobalSection(SolutionProperties) = preSolution
		HideSolutionNode = FALSE
	EndGlobalSection
	GlobalSection(NestedProjects) = preSolution
		{FDEACC57-A2D9-4F2B-A2F2-CA90983944E9} = {02EA681E-C7D8-13C7-8484-4AC65E1B71E8}
		{A5255E78-9408-402C-A236-672391416041} = {FDEACC57-A2D9-4F2B-A2F2-CA90983944E9}
		{BF7A64CD-2FB2-4298-AF7A-43A4EEACF2F0} = {02EA681E-C7D8-13C7-8484-4AC65E1B71E8}
		{8F968ABF-E929-455B-A996-8B4C7A053AFF} = {BF7A64CD-2FB2-4298-AF7A-43A4EEACF2F0}
		{60BA54E4-A6AE-476F-BAC7-A1AC8BE38DE5} = {02EA681E-C7D8-13C7-8484-4AC65E1B71E8}
		{9F324C8C-7056-4291-8081-FE0DA0110A92} = {60BA54E4-A6AE-476F-BAC7-A1AC8BE38DE5}
		{EF7564EF-DD27-4E42-8FC5-CE5042810DB8} = {02EA681E-C7D8-13C7-8484-4AC65E1B71E8}
		{5E7E9D19-0C11-44EA-83DB-DE1861816A88} = {EF7564EF-DD27-4E42-8FC5-CE5042810DB8}
	EndGlobalSection
	GlobalSection(ExtensibilityGlobals) = postSolution
		SolutionGuid = {435260D8-B5E8-47DA-AD71-46C7F8491B00}
	EndGlobalSection
EndGlobal
